# THIS IS AN AUTOGENERATED FILE. DO NOT EDIT THIS FILE DIRECTLY.
# yarn lockfile v1
"@types/jquery@*":
  version "2.0.40"
  resolved "https://registry.yarnpkg.com/@types/jquery/-/jquery-2.0.40.tgz#acdd69e29b74cdec15dc3c074bcb064bc1b87213"

"@types/node@*":
  version "7.0.5"
  resolved "https://registry.yarnpkg.com/@types/node/-/node-7.0.5.tgz#96a0f0a618b7b606f1ec547403c00650210bfbb7"

"@types/parse":
  version "1.2.32"
  resolved "https://registry.yarnpkg.com/@types/parse/-/parse-1.2.32.tgz#05130c482b922ba76e2f7d53e0d35fb4f1fe87b9"
  dependencies:
    "@types/jquery" "*"
    "@types/node" "*"
    "@types/underscore" "*"

"@types/underscore@*":
  version "1.7.36"
  resolved "https://registry.yarnpkg.com/@types/underscore/-/underscore-1.7.36.tgz#e2900fd4ff7a71b742d4a7ab98ffe17b04b068c0"

babel-runtime@^6.11.6:
  version "6.22.0"
  resolved "https://registry.yarnpkg.com/babel-runtime/-/babel-runtime-6.22.0.tgz#1cf8b4ac67c77a4ddb0db2ae1f74de52ac4ca611"
  dependencies:
    core-js "^2.4.0"
    regenerator-runtime "^0.10.0"

core-js@^2.4.0:
  version "2.4.1"
  resolved "https://registry.yarnpkg.com/core-js/-/core-js-2.4.1.tgz#4de911e667b0eae9124e34254b53aea6fc618d3e"

options@>=0.0.5:
  version "0.0.6"
  resolved "https://registry.yarnpkg.com/options/-/options-0.0.6.tgz#ec22d312806bb53e731773e7cdaefcf1c643128f"

parse:
  version "1.9.2"
  resolved "https://registry.yarnpkg.com/parse/-/parse-1.9.2.tgz#e41d7cb6efd464eea30c34ec0651548f66c5b8e4"
  dependencies:
    babel-runtime "^6.11.6"
    ws "^1.0.1"
    xmlhttprequest "^1.7.0"

regenerator-runtime@^0.10.0:
  version "0.10.1"
  resolved "https://registry.yarnpkg.com/regenerator-runtime/-/regenerator-runtime-0.10.1.tgz#257f41961ce44558b18f7814af48c17559f9faeb"

ultron@1.0.x:
  version "1.0.2"
  resolved "https://registry.yarnpkg.com/ultron/-/ultron-1.0.2.tgz#ace116ab557cd197386a4e88f4685378c8b2e4fa"

ws@^1.0.1:
  version "1.1.1"
  resolved "https://registry.yarnpkg.com/ws/-/ws-1.1.1.tgz#082ddb6c641e85d4bb451f03d52f06eabdb1f018"
  dependencies:
    options ">=0.0.5"
    ultron "1.0.x"

xmlhttprequest@^1.7.0:
  version "1.8.0"
  resolved "https://registry.yarnpkg.com/xmlhttprequest/-/xmlhttprequest-1.8.0.tgz#67fe075c5c24fef39f9d65f5f7b7fe75171968fc"

